
Microsoft Visual Studio Solution File, Format Version 12.00
# Visual Studio Version 16
VisualStudioVersion = 16.0.30517.126
MinimumVisualStudioVersion = 10.0.40219.1
Project("{9A19103F-16F7-4668-BE54-9A1E7A4F7556}") = "QandA", "QandA.csproj", "{8E5E138E-8B67-4675-9F79-23CF3483FAC8}"
EndProject
Project("{FAE04EC0-301F-11D3-BF4B-00C04F79EFBC}") = "BackendTests", "..\..\BackendTests\BackendTests.csproj", "{C6B6766E-409F-4CC3-A81A-46C42B77DCBD}"
EndProject
Global
	GlobalSection(SolutionConfigurationPlatforms) = preSolution
		Debug|Any CPU = Debug|Any CPU
		Release|Any CPU = Release|Any CPU
	EndGlobalSection
	GlobalSection(ProjectConfigurationPlatforms) = postSolution
		{8E5E138E-8B67-4675-9F79-23CF3483FAC8}.Debug|Any CPU.ActiveCfg = Debug|Any CPU
		{8E5E138E-8B67-4675-9F79-23CF3483FAC8}.Debug|Any CPU.Build.0 = Debug|Any CPU
		{8E5E138E-8B67-4675-9F79-23CF3483FAC8}.Release|Any CPU.ActiveCfg = Release|Any CPU
		{8E5E138E-8B67-4675-9F79-23CF3483FAC8}.Release|Any CPU.Build.0 = Release|Any CPU
		{C6B6766E-409F-4CC3-A81A-46C42B77DCBD}.Debug|Any CPU.ActiveCfg = Debug|Any CPU
		{C6B6766E-409F-4CC3-A81A-46C42B77DCBD}.Debug|Any CPU.Build.0 = Debug|Any CPU
		{C6B6766E-409F-4CC3-A81A-46C42B77DCBD}.Release|Any CPU.ActiveCfg = Release|Any CPU
		{C6B6766E-409F-4CC3-A81A-46C42B77DCBD}.Release|Any CPU.Build.0 = Release|Any CPU
	EndGlobalSection
	GlobalSection(SolutionProperties) = preSolution
		HideSolutionNode = FALSE
	EndGlobalSection
	GlobalSection(ExtensibilityGlobals) = postSolution
		SolutionGuid = {BDB16D54-2C30-4C69-842A-59E4BA922792}
	EndGlobalSection
EndGlobal
